<?xml version="1.0" encoding="utf-8"?>
<Project ToolsVersion="4.0" xmlns="http://schemas.microsoft.com/developer/msbuild/2003">
  <ItemGroup>
    <Filter Include="源文件">
      <UniqueIdentifier>{4FC737F1-C7A5-4376-A066-2A32D752A2FF}</UniqueIdentifier>
      <Extensions>cpp;c;cc;cxx;c++;def;odl;idl;hpj;bat;asm;asmx</Extensions>
    </Filter>
    <Filter Include="头文件">
      <UniqueIdentifier>{93995380-89BD-4b04-88EB-625FBE52EBFB}</UniqueIdentifier>
      <Extensions>h;hh;hpp;hxx;h++;hm;inl;inc;ipp;xsd</Extensions>
    </Filter>
    <Filter Include="资源文件">
      <UniqueIdentifier>{67DA6AB6-F800-4c08-8B7A-83BB121AAD01}</UniqueIdentifier>
      <Extensions>rc;ico;cur;bmp;dlg;rc2;rct;bin;rgs;gif;jpg;jpeg;jpe;resx;tiff;tif;png;wav;mfcribbon-ms</Extensions>
    </Filter>
    <Filter Include="PineApple">
      <UniqueIdentifier>{48393dba-3b15-4b71-ad5c-1f58b87b5780}</UniqueIdentifier>
    </Filter>
    <Filter Include="PineApple\Implement">
      <UniqueIdentifier>{8a923ef7-f54c-45c5-838f-14b12ba34f52}</UniqueIdentifier>
    </Filter>
    <Filter Include="PineApple\Interface">
      <UniqueIdentifier>{3dccf69a-3325-4ef0-aa13-180102faa730}</UniqueIdentifier>
    </Filter>
  </ItemGroup>
  <ItemGroup>
    <ClCompile Include="..\..\PineApple\Implment\CharEncode.cpp">
      <Filter>PineApple\Implement</Filter>
    </ClCompile>
    <ClCompile Include="..\..\PineApple\Implment\Ebnf.cpp">
      <Filter>PineApple\Implement</Filter>
    </ClCompile>
    <ClCompile Include="..\..\PineApple\Implment\Lr0.cpp">
      <Filter>PineApple\Implement</Filter>
    </ClCompile>
    <ClCompile Include="..\..\PineApple\Implment\StrFormat.cpp">
      <Filter>PineApple\Implement</Filter>
    </ClCompile>
    <ClCompile Include="..\..\PineApple\Implment\Nfa.cpp">
      <Filter>PineApple\Implement</Filter>
    </ClCompile>
    <ClCompile Include="main.cpp">
      <Filter>源文件</Filter>
    </ClCompile>
  </ItemGroup>
  <ItemGroup>
    <ClInclude Include="..\..\PineApple\Interface\CharEncode.h">
      <Filter>PineApple\Interface</Filter>
    </ClInclude>
    <ClInclude Include="..\..\PineApple\Interface\Ebnf.h">
      <Filter>PineApple\Interface</Filter>
    </ClInclude>
    <ClInclude Include="..\..\PineApple\Interface\Lr0.h">
      <Filter>PineApple\Interface</Filter>
    </ClInclude>
    <ClInclude Include="..\..\PineApple\Interface\Nfa.h">
      <Filter>PineApple\Interface</Filter>
    </ClInclude>
    <ClInclude Include="..\..\PineApple\Interface\StrFormat.h">
      <Filter>PineApple\Interface</Filter>
    </ClInclude>
    <ClInclude Include="..\..\PineApple\Interface\Range.h">
      <Filter>PineApple\Interface</Filter>
    </ClInclude>
  </ItemGroup>
</Project>