<?xml version="1.0" encoding="utf-8"?>
<Project ToolsVersion="4.0" xmlns="http://schemas.microsoft.com/developer/msbuild/2003">
  <ItemGroup>
    <Filter Include="源文件">
      <UniqueIdentifier>{4FC737F1-C7A5-4376-A066-2A32D752A2FF}</UniqueIdentifier>
      <Extensions>cpp;c;cc;cxx;c++;def;odl;idl;hpj;bat;asm;asmx</Extensions>
    </Filter>
    <Filter Include="头文件">
      <UniqueIdentifier>{93995380-89BD-4b04-88EB-625FBE52EBFB}</UniqueIdentifier>
      <Extensions>h;hh;hpp;hxx;h++;hm;inl;inc;ipp;xsd</Extensions>
    </Filter>
    <Filter Include="资源文件">
      <UniqueIdentifier>{67DA6AB6-F800-4c08-8B7A-83BB121AAD01}</UniqueIdentifier>
      <Extensions>rc;ico;cur;bmp;dlg;rc2;rct;bin;rgs;gif;jpg;jpeg;jpe;resx;tiff;tif;png;wav;mfcribbon-ms</Extensions>
    </Filter>
    <Filter Include="PineApple">
      <UniqueIdentifier>{48393dba-3b15-4b71-ad5c-1f58b87b5780}</UniqueIdentifier>
    </Filter>
    <Filter Include="PineApple\Public">
      <UniqueIdentifier>{bb7a41c3-fbb5-4a41-b9f8-5ee11a22b295}</UniqueIdentifier>
    </Filter>
    <Filter Include="PineApple\Private">
      <UniqueIdentifier>{b745f54a-1dfd-464e-abef-4686c7e59083}</UniqueIdentifier>
    </Filter>
  </ItemGroup>
  <ItemGroup>
    <ClCompile Include="main.cpp">
      <Filter>源文件</Filter>
    </ClCompile>
    <ClCompile Include="..\..\PineApple\Private\Ebnf.cpp">
      <Filter>PineApple\Private</Filter>
    </ClCompile>
    <ClCompile Include="..\..\PineApple\Private\Lexical.cpp">
      <Filter>PineApple\Private</Filter>
    </ClCompile>
    <ClCompile Include="..\..\PineApple\Private\Lr0.cpp">
      <Filter>PineApple\Private</Filter>
    </ClCompile>
    <ClCompile Include="..\..\PineApple\Private\StrEncode.cpp">
      <Filter>PineApple\Private</Filter>
    </ClCompile>
    <ClCompile Include="..\..\PineApple\Private\StrFormat.cpp">
      <Filter>PineApple\Private</Filter>
    </ClCompile>
    <ClCompile Include="..\..\PineApple\Private\StrScanner.cpp">
      <Filter>PineApple\Private</Filter>
    </ClCompile>
    <ClCompile Include="..\..\PineApple\Private\Symbol.cpp">
      <Filter>PineApple\Private</Filter>
    </ClCompile>
    <ClCompile Include="..\..\PineApple\Private\Unfa.cpp">
      <Filter>PineApple\Private</Filter>
    </ClCompile>
  </ItemGroup>
  <ItemGroup>
    <ClInclude Include="..\..\PineApple\Public\Ebnf.h">
      <Filter>PineApple\Public</Filter>
    </ClInclude>
    <ClInclude Include="..\..\PineApple\Public\Interval.h">
      <Filter>PineApple\Public</Filter>
    </ClInclude>
    <ClInclude Include="..\..\PineApple\Public\Lexical.h">
      <Filter>PineApple\Public</Filter>
    </ClInclude>
    <ClInclude Include="..\..\PineApple\Public\Lr0.h">
      <Filter>PineApple\Public</Filter>
    </ClInclude>
    <ClInclude Include="..\..\PineApple\Public\StrEncode.h">
      <Filter>PineApple\Public</Filter>
    </ClInclude>
    <ClInclude Include="..\..\PineApple\Public\StrFormat.h">
      <Filter>PineApple\Public</Filter>
    </ClInclude>
    <ClInclude Include="..\..\PineApple\Public\StrScanner.h">
      <Filter>PineApple\Public</Filter>
    </ClInclude>
    <ClInclude Include="..\..\PineApple\Public\Symbol.h">
      <Filter>PineApple\Public</Filter>
    </ClInclude>
    <ClInclude Include="..\..\PineApple\Public\Unfa.h">
      <Filter>PineApple\Public</Filter>
    </ClInclude>
  </ItemGroup>
</Project>